
Microsoft Visual Studio Solution File, Format Version 12.00
# Visual Studio 2012
Project("{8BC9CEB8-8B4A-11D0-8D11-00A0C91BC942}") = "DSLab8", "DSLab8\DSLab8.vcxproj", "{01AC7717-C067-4DAD-9F90-5776047B7E09}"
EndProject
Global
	GlobalSection(SolutionConfigurationPlatforms) = preSolution
		Debug|Win32 = Debug|Win32
		Release|Win32 = Release|Win32
	EndGlobalSection
	GlobalSection(ProjectConfigurationPlatforms) = postSolution
		{01AC7717-C067-4DAD-9F90-5776047B7E09}.Debug|Win32.ActiveCfg = Debug|Win32
		{01AC7717-C067-4DAD-9F90-5776047B7E09}.Debug|Win32.Build.0 = Debug|Win32
		{01AC7717-C067-4DAD-9F90-5776047B7E09}.Release|Win32.ActiveCfg = Release|Win32
		{01AC7717-C067-4DAD-9F90-5776047B7E09}.Release|Win32.Build.0 = Release|Win32
	EndGlobalSection
	GlobalSection(SolutionProperties) = preSolution
		HideSolutionNode = FALSE
	EndGlobalSection
EndGlobal
